
Microsoft Visual Studio Solution File, Format Version 12.00
# Visual Studio Version 17
VisualStudioVersion = 17.2.32516.85
MinimumVisualStudioVersion = 10.0.40219.1
Project("{FAE04EC0-301F-11D3-BF4B-00C04F79EFBC}") = "Accelerators", "Accelerators\Accelerators.csproj", "{7AD7BD32-60E2-4CD7-9AE8-9D1CBE5AB4FB}"
EndProject
Global
	GlobalSection(SolutionConfigurationPlatforms) = preSolution
		Debug|Any CPU = Debug|Any CPU
		Release|Any CPU = Release|Any CPU
	EndGlobalSection
	GlobalSection(ProjectConfigurationPlatforms) = postSolution
		{7AD7BD32-60E2-4CD7-9AE8-9D1CBE5AB4FB}.Debug|Any CPU.ActiveCfg = Debug|Any CPU
		{7AD7BD32-60E2-4CD7-9AE8-9D1CBE5AB4FB}.Debug|Any CPU.Build.0 = Debug|Any CPU
		{7AD7BD32-60E2-4CD7-9AE8-9D1CBE5AB4FB}.Release|Any CPU.ActiveCfg = Release|Any CPU
		{7AD7BD32-60E2-4CD7-9AE8-9D1CBE5AB4FB}.Release|Any CPU.Build.0 = Release|Any CPU
	EndGlobalSection
	GlobalSection(SolutionProperties) = preSolution
		HideSolutionNode = FALSE
	EndGlobalSection
	GlobalSection(ExtensibilityGlobals) = postSolution
		SolutionGuid = {CBE5319A-BE41-4870-9A93-BD58D4A79374}
	EndGlobalSection
EndGlobal
